DEPENDENCIES
  TrustyTiVo
    path: .
    metadata: true
  apt (~> 2.6.0)
  hhvm (~> 0.6.0)
  tivo
    path: cookbooks/tivo

GRAPH
  TrustyTiVo (0.1.0)
    apt (~> 2.6.0)
    hhvm (~> 0.6.0)
    tivo (~> 0.0.1)
  apt (2.6.1)
  hhvm (0.6.0)
    apt (>= 0.0.0)
    yum (>= 0.0.0)
  tivo (0.0.1)
  yum (3.5.2)
